Microsoft Visual Studio Solution File, Format Version 12.00
# Visual Studio Version 16
VisualStudioVersion = 16.0.0.0
MinimumVisualStudioVersion = 16.0.0.0
Project("{9A19103F-16F7-4668-BE54-9A1E7A4F7556}") = "BlazorWebApp", "BlazorWebApp\BlazorWebApp.csproj", "{7F54B96E-7037-4750-819E-7C8F5DAF5097}"
EndProject
Project("{9A19103F-16F7-4668-BE54-9A1E7A4F7556}") = "BlazorWebApp.Client", "BlazorWebApp.Client\BlazorWebApp.Client.csproj", "{931EA4E9-AD8D-4A35-976A-79FB3B741160}"
EndProject
Global
	GlobalSection(SolutionConfigurationPlatforms) = preSolution
		Debug|Any CPU = Debug|Any CPU
		Debug|x64 = Debug|x64
		Debug|x86 = Debug|x86
		Release|Any CPU = Release|Any CPU
		Release|x64 = Release|x64
		Release|x86 = Release|x86
	EndGlobalSection
	GlobalSection(ProjectConfigurationPlatforms) = postSolution
		{931EA4E9-AD8D-4A35-976A-79FB3B741160}.Debug|Any CPU.ActiveCfg = Debug|Any CPU
		{931EA4E9-AD8D-4A35-976A-79FB3B741160}.Debug|Any CPU.Build.0 = Debug|Any CPU
		{931EA4E9-AD8D-4A35-976A-79FB3B741160}.Debug|x64.ActiveCfg = Debug|Any CPU
		{931EA4E9-AD8D-4A35-976A-79FB3B741160}.Debug|x64.Build.0 = Debug|Any CPU
		{931EA4E9-AD8D-4A35-976A-79FB3B741160}.Debug|x86.ActiveCfg = Debug|Any CPU
		{931EA4E9-AD8D-4A35-976A-79FB3B741160}.Debug|x86.Build.0 = Debug|Any CPU
		{931EA4E9-AD8D-4A35-976A-79FB3B741160}.Release|Any CPU.ActiveCfg = Release|Any CPU
		{931EA4E9-AD8D-4A35-976A-79FB3B741160}.Release|Any CPU.Build.0 = Release|Any CPU
		{931EA4E9-AD8D-4A35-976A-79FB3B741160}.Release|x64.ActiveCfg = Release|Any CPU
		{931EA4E9-AD8D-4A35-976A-79FB3B741160}.Release|x64.Build.0 = Release|Any CPU
		{931EA4E9-AD8D-4A35-976A-79FB3B741160}.Release|x86.ActiveCfg = Release|Any CPU
		{931EA4E9-AD8D-4A35-976A-79FB3B741160}.Release|x86.Build.0 = Release|Any CPU
		{7F54B96E-7037-4750-819E-7C8F5DAF5097}.Debug|Any CPU.ActiveCfg = Debug|Any CPU
		{7F54B96E-7037-4750-819E-7C8F5DAF5097}.Debug|Any CPU.Build.0 = Debug|Any CPU
		{7F54B96E-7037-4750-819E-7C8F5DAF5097}.Debug|x64.ActiveCfg = Debug|Any CPU
		{7F54B96E-7037-4750-819E-7C8F5DAF5097}.Debug|x64.Build.0 = Debug|Any CPU
		{7F54B96E-7037-4750-819E-7C8F5DAF5097}.Debug|x86.ActiveCfg = Debug|Any CPU
		{7F54B96E-7037-4750-819E-7C8F5DAF5097}.Debug|x86.Build.0 = Debug|Any CPU
		{7F54B96E-7037-4750-819E-7C8F5DAF5097}.Release|Any CPU.ActiveCfg = Release|Any CPU
		{7F54B96E-7037-4750-819E-7C8F5DAF5097}.Release|Any CPU.Build.0 = Release|Any CPU
		{7F54B96E-7037-4750-819E-7C8F5DAF5097}.Release|x64.ActiveCfg = Release|Any CPU
		{7F54B96E-7037-4750-819E-7C8F5DAF5097}.Release|x64.Build.0 = Release|Any CPU
		{7F54B96E-7037-4750-819E-7C8F5DAF5097}.Release|x86.ActiveCfg = Release|Any CPU
		{7F54B96E-7037-4750-819E-7C8F5DAF5097}.Release|x86.Build.0 = Release|Any CPU
	EndGlobalSection
	GlobalSection(SolutionProperties) = preSolution
		HideSolutionNode = FALSE
	EndGlobalSection
	GlobalSection(ExtensibilityGlobals) = postSolution
		SolutionGuid = {3D13352A-D59A-43DD-8D37-A0A52636AA57}
	EndGlobalSection
EndGlobal
